# THIS IS AN AUTOGENERATED FILE. DO NOT EDIT THIS FILE DIRECTLY.
# yarn lockfile v1


konsta@^0.10.4:
  version "0.10.4"
  resolved "https://registry.yarnpkg.com/konsta/-/konsta-0.10.4.tgz#518226878e5b9bd1df0a0a45eb5116c1b5296e2b"
  integrity sha512-XYfzKaWHIGPrat2/3l8373/vCeTBWdgMOtGVBzpsQNX/rInRu+QeRrO/kt7lVN9sGaQEwhsd7VhW1tEjglxVxA==
